
Microsoft Visual Studio Solution File, Format Version 12.00
# Visual Studio Version 16
VisualStudioVersion = 16.0.29519.181
MinimumVisualStudioVersion = 10.0.40219.1
Project("{9A19103F-16F7-4668-BE54-9A1E7A4F7556}") = "Repos", "Repos\Repos.csproj", "{4A716C59-41AC-4F98-B74A-1ECD0AF6C5AF}"
EndProject
Global
	GlobalSection(SolutionConfigurationPlatforms) = preSolution
		Debug|Any CPU = Debug|Any CPU
		Release|Any CPU = Release|Any CPU
	EndGlobalSection
	GlobalSection(ProjectConfigurationPlatforms) = postSolution
		{4A716C59-41AC-4F98-B74A-1ECD0AF6C5AF}.Debug|Any CPU.ActiveCfg = Debug|Any CPU
		{4A716C59-41AC-4F98-B74A-1ECD0AF6C5AF}.Debug|Any CPU.Build.0 = Debug|Any CPU
		{4A716C59-41AC-4F98-B74A-1ECD0AF6C5AF}.Release|Any CPU.ActiveCfg = Release|Any CPU
		{4A716C59-41AC-4F98-B74A-1ECD0AF6C5AF}.Release|Any CPU.Build.0 = Release|Any CPU
	EndGlobalSection
	GlobalSection(SolutionProperties) = preSolution
		HideSolutionNode = FALSE
	EndGlobalSection
	GlobalSection(ExtensibilityGlobals) = postSolution
		VisualSVNWorkingCopyRoot = .
		SolutionGuid = {D03354EF-6A42-40C2-B596-2742DAE472D2}
	EndGlobalSection
EndGlobal
